
Microsoft Visual Studio Solution File, Format Version 12.00
# Visual Studio 14
VisualStudioVersion = 14.0.25123.0
MinimumVisualStudioVersion = 10.0.40219.1
Project("{8BB2217D-0F2D-49D1-97BC-3654ED321F3B}") = "Sharper.C.Product", "Sharper.C.Product\Sharper.C.Product.xproj", "{616BBBD5-34FA-4FAE-AE94-30F4C58DCB1C}"
EndProject
Project("{8BB2217D-0F2D-49D1-97BC-3654ED321F3B}") = "Sharper.C.Product.Tests", "Sharper.C.Product.Tests\Sharper.C.Product.Tests.xproj", "{BB4B4D48-88BC-4C28-804A-CCB79D27CB72}"
EndProject
Project("{8BB2217D-0F2D-49D1-97BC-3654ED321F3B}") = "Sharper.C.Product.Testing", "Sharper.C.Product.Testing\Sharper.C.Product.Testing.xproj", "{B4898C73-83FA-4771-B43E-3F8B98C00617}"
EndProject
Global
	GlobalSection(SolutionConfigurationPlatforms) = preSolution
		Debug|Any CPU = Debug|Any CPU
		Release|Any CPU = Release|Any CPU
	EndGlobalSection
	GlobalSection(ProjectConfigurationPlatforms) = postSolution
		{616BBBD5-34FA-4FAE-AE94-30F4C58DCB1C}.Debug|Any CPU.ActiveCfg = Debug|Any CPU
		{616BBBD5-34FA-4FAE-AE94-30F4C58DCB1C}.Debug|Any CPU.Build.0 = Debug|Any CPU
		{616BBBD5-34FA-4FAE-AE94-30F4C58DCB1C}.Release|Any CPU.ActiveCfg = Release|Any CPU
		{616BBBD5-34FA-4FAE-AE94-30F4C58DCB1C}.Release|Any CPU.Build.0 = Release|Any CPU
		{BB4B4D48-88BC-4C28-804A-CCB79D27CB72}.Debug|Any CPU.ActiveCfg = Debug|Any CPU
		{BB4B4D48-88BC-4C28-804A-CCB79D27CB72}.Debug|Any CPU.Build.0 = Debug|Any CPU
		{BB4B4D48-88BC-4C28-804A-CCB79D27CB72}.Release|Any CPU.ActiveCfg = Release|Any CPU
		{BB4B4D48-88BC-4C28-804A-CCB79D27CB72}.Release|Any CPU.Build.0 = Release|Any CPU
		{B4898C73-83FA-4771-B43E-3F8B98C00617}.Debug|Any CPU.ActiveCfg = Debug|Any CPU
		{B4898C73-83FA-4771-B43E-3F8B98C00617}.Debug|Any CPU.Build.0 = Debug|Any CPU
		{B4898C73-83FA-4771-B43E-3F8B98C00617}.Release|Any CPU.ActiveCfg = Release|Any CPU
		{B4898C73-83FA-4771-B43E-3F8B98C00617}.Release|Any CPU.Build.0 = Release|Any CPU
	EndGlobalSection
	GlobalSection(SolutionProperties) = preSolution
		HideSolutionNode = FALSE
	EndGlobalSection
EndGlobal
